
Microsoft Visual Studio Solution File, Format Version 12.00
# Visual Studio Version 17
VisualStudioVersion = 17.0.31903.59
MinimumVisualStudioVersion = 10.0.40219.1
Project("{2150E333-8FDC-42A3-9474-1A3956D46DE8}") = "src", "src", "{F3462A90-A880-4ADE-9FC1-04778BB3735E}"
EndProject
Project("{2150E333-8FDC-42A3-9474-1A3956D46DE8}") = "Bootstrapper", "Bootstrapper", "{5E5B0B2E-78E3-42B3-9C6A-0376656FF36E}"
EndProject
Project("{FAE04EC0-301F-11D3-BF4B-00C04F79EFBC}") = "CodePath.Api", "src\Bootstrapper\CodePath.Api\CodePath.Api.csproj", "{9C931B10-ED27-4A17-BD6C-68A689BA38A8}"
EndProject
Project("{2150E333-8FDC-42A3-9474-1A3956D46DE8}") = "Shared", "Shared", "{9EE6F17D-5F40-4A64-95A1-DD6A2C0EF739}"
EndProject
Project("{FAE04EC0-301F-11D3-BF4B-00C04F79EFBC}") = "CodePath.Shared.Kernel", "src\Shared\CodePath.Shared.Kernel\CodePath.Shared.Kernel.csproj", "{889CD6A7-A21D-40D7-B13D-52C0550A0CD0}"
EndProject
Project("{FAE04EC0-301F-11D3-BF4B-00C04F79EFBC}") = "CodePath.Shared.Web", "src\Shared\CodePath.Shared.Web\CodePath.Shared.Web.csproj", "{319F0460-0978-488D-8CBF-70A9C5973B95}"
EndProject
Project("{2150E333-8FDC-42A3-9474-1A3956D46DE8}") = "Modules", "Modules", "{D5891016-1D19-4159-87F5-45CFB09ED4DE}"
EndProject
Project("{2150E333-8FDC-42A3-9474-1A3956D46DE8}") = "Users", "Users", "{CA388F77-2E08-4CFA-8DF3-7CBD39C7D7A6}"
EndProject
Project("{FAE04EC0-301F-11D3-BF4B-00C04F79EFBC}") = "CodePath.Modules.Users.Domain", "src\Modules\Users\CodePath.Modules.Users.Domain\CodePath.Modules.Users.Domain.csproj", "{6C98A660-96AF-4B0D-BE2B-39B08149646E}"
EndProject
Project("{FAE04EC0-301F-11D3-BF4B-00C04F79EFBC}") = "CodePath.Modules.Users.Application", "src\Modules\Users\CodePath.Modules.Users.Application\CodePath.Modules.Users.Application.csproj", "{859D3827-983E-4E97-B557-D14CF0345E3F}"
EndProject
Project("{FAE04EC0-301F-11D3-BF4B-00C04F79EFBC}") = "CodePath.Modules.Users.Infrastructure", "src\Modules\Users\CodePath.Modules.Users.Infrastructure\CodePath.Modules.Users.Infrastructure.csproj", "{FC79470A-831F-4614-9907-4068CD87798C}"
EndProject
Project("{FAE04EC0-301F-11D3-BF4B-00C04F79EFBC}") = "CodePath.Modules.Users.Api", "src\Modules\Users\CodePath.Modules.Users.Api\CodePath.Modules.Users.Api.csproj", "{A299BECF-84F8-4180-AC6D-685D54918C12}"
EndProject
Project("{2150E333-8FDC-42A3-9474-1A3956D46DE8}") = "tests", "tests", "{22385653-AD3A-4950-AABC-FD59A701CF7D}"
EndProject
Project("{FAE04EC0-301F-11D3-BF4B-00C04F79EFBC}") = "CodePath.Architecture.Tests", "tests\CodePath.Architecture.Tests\CodePath.Architecture.Tests.csproj", "{24E469B7-298E-4CB6-B7BA-A54622282A86}"
EndProject
Project("{2150E333-8FDC-42A3-9474-1A3956D46DE8}") = "Auth", "Auth", "{FC39DCF5-05A9-49CA-BD68-7A301750D6FB}"
EndProject
Project("{FAE04EC0-301F-11D3-BF4B-00C04F79EFBC}") = "CodePath.Modules.Auth.Domain", "src\Modules\Auth\CodePath.Modules.Auth.Domain\CodePath.Modules.Auth.Domain.csproj", "{9AB01ED4-37EF-4760-8017-51497B850BC5}"
EndProject
Project("{FAE04EC0-301F-11D3-BF4B-00C04F79EFBC}") = "CodePath.Modules.Auth.Application", "src\Modules\Auth\CodePath.Modules.Auth.Application\CodePath.Modules.Auth.Application.csproj", "{9BBD6E7C-6CD5-4FB4-B017-350083B4BD67}"
EndProject
Project("{FAE04EC0-301F-11D3-BF4B-00C04F79EFBC}") = "CodePath.Modules.Auth.Infrastructure", "src\Modules\Auth\CodePath.Modules.Auth.Infrastructure\CodePath.Modules.Auth.Infrastructure.csproj", "{58CA23DF-1059-4A26-AF7A-80AB29FE8F94}"
EndProject
Project("{FAE04EC0-301F-11D3-BF4B-00C04F79EFBC}") = "CodePath.Modules.Auth.Api", "src\Modules\Auth\CodePath.Modules.Auth.Api\CodePath.Modules.Auth.Api.csproj", "{4614A999-3212-435C-B0D7-9E3DEEBC754E}"
EndProject
Global
	GlobalSection(SolutionConfigurationPlatforms) = preSolution
		Debug|Any CPU = Debug|Any CPU
		Release|Any CPU = Release|Any CPU
	EndGlobalSection
	GlobalSection(SolutionProperties) = preSolution
		HideSolutionNode = FALSE
	EndGlobalSection
	GlobalSection(ProjectConfigurationPlatforms) = postSolution
		{9C931B10-ED27-4A17-BD6C-68A689BA38A8}.Debug|Any CPU.ActiveCfg = Debug|Any CPU
		{9C931B10-ED27-4A17-BD6C-68A689BA38A8}.Debug|Any CPU.Build.0 = Debug|Any CPU
		{9C931B10-ED27-4A17-BD6C-68A689BA38A8}.Release|Any CPU.ActiveCfg = Release|Any CPU
		{9C931B10-ED27-4A17-BD6C-68A689BA38A8}.Release|Any CPU.Build.0 = Release|Any CPU
		{889CD6A7-A21D-40D7-B13D-52C0550A0CD0}.Debug|Any CPU.ActiveCfg = Debug|Any CPU
		{889CD6A7-A21D-40D7-B13D-52C0550A0CD0}.Debug|Any CPU.Build.0 = Debug|Any CPU
		{889CD6A7-A21D-40D7-B13D-52C0550A0CD0}.Release|Any CPU.ActiveCfg = Release|Any CPU
		{889CD6A7-A21D-40D7-B13D-52C0550A0CD0}.Release|Any CPU.Build.0 = Release|Any CPU
		{319F0460-0978-488D-8CBF-70A9C5973B95}.Debug|Any CPU.ActiveCfg = Debug|Any CPU
		{319F0460-0978-488D-8CBF-70A9C5973B95}.Debug|Any CPU.Build.0 = Debug|Any CPU
		{319F0460-0978-488D-8CBF-70A9C5973B95}.Release|Any CPU.ActiveCfg = Release|Any CPU
		{319F0460-0978-488D-8CBF-70A9C5973B95}.Release|Any CPU.Build.0 = Release|Any CPU
		{6C98A660-96AF-4B0D-BE2B-39B08149646E}.Debug|Any CPU.ActiveCfg = Debug|Any CPU
		{6C98A660-96AF-4B0D-BE2B-39B08149646E}.Debug|Any CPU.Build.0 = Debug|Any CPU
		{6C98A660-96AF-4B0D-BE2B-39B08149646E}.Release|Any CPU.ActiveCfg = Release|Any CPU
		{6C98A660-96AF-4B0D-BE2B-39B08149646E}.Release|Any CPU.Build.0 = Release|Any CPU
		{859D3827-983E-4E97-B557-D14CF0345E3F}.Debug|Any CPU.ActiveCfg = Debug|Any CPU
		{859D3827-983E-4E97-B557-D14CF0345E3F}.Debug|Any CPU.Build.0 = Debug|Any CPU
		{859D3827-983E-4E97-B557-D14CF0345E3F}.Release|Any CPU.ActiveCfg = Release|Any CPU
		{859D3827-983E-4E97-B557-D14CF0345E3F}.Release|Any CPU.Build.0 = Release|Any CPU
		{FC79470A-831F-4614-9907-4068CD87798C}.Debug|Any CPU.ActiveCfg = Debug|Any CPU
		{FC79470A-831F-4614-9907-4068CD87798C}.Debug|Any CPU.Build.0 = Debug|Any CPU
		{FC79470A-831F-4614-9907-4068CD87798C}.Release|Any CPU.ActiveCfg = Release|Any CPU
		{FC79470A-831F-4614-9907-4068CD87798C}.Release|Any CPU.Build.0 = Release|Any CPU
		{A299BECF-84F8-4180-AC6D-685D54918C12}.Debug|Any CPU.ActiveCfg = Debug|Any CPU
		{A299BECF-84F8-4180-AC6D-685D54918C12}.Debug|Any CPU.Build.0 = Debug|Any CPU
		{A299BECF-84F8-4180-AC6D-685D54918C12}.Release|Any CPU.ActiveCfg = Release|Any CPU
		{A299BECF-84F8-4180-AC6D-685D54918C12}.Release|Any CPU.Build.0 = Release|Any CPU
		{24E469B7-298E-4CB6-B7BA-A54622282A86}.Debug|Any CPU.ActiveCfg = Debug|Any CPU
		{24E469B7-298E-4CB6-B7BA-A54622282A86}.Debug|Any CPU.Build.0 = Debug|Any CPU
		{24E469B7-298E-4CB6-B7BA-A54622282A86}.Release|Any CPU.ActiveCfg = Release|Any CPU
		{24E469B7-298E-4CB6-B7BA-A54622282A86}.Release|Any CPU.Build.0 = Release|Any CPU
		{9AB01ED4-37EF-4760-8017-51497B850BC5}.Debug|Any CPU.ActiveCfg = Debug|Any CPU
		{9AB01ED4-37EF-4760-8017-51497B850BC5}.Debug|Any CPU.Build.0 = Debug|Any CPU
		{9AB01ED4-37EF-4760-8017-51497B850BC5}.Release|Any CPU.ActiveCfg = Release|Any CPU
		{9AB01ED4-37EF-4760-8017-51497B850BC5}.Release|Any CPU.Build.0 = Release|Any CPU
		{9BBD6E7C-6CD5-4FB4-B017-350083B4BD67}.Debug|Any CPU.ActiveCfg = Debug|Any CPU
		{9BBD6E7C-6CD5-4FB4-B017-350083B4BD67}.Debug|Any CPU.Build.0 = Debug|Any CPU
		{9BBD6E7C-6CD5-4FB4-B017-350083B4BD67}.Release|Any CPU.ActiveCfg = Release|Any CPU
		{9BBD6E7C-6CD5-4FB4-B017-350083B4BD67}.Release|Any CPU.Build.0 = Release|Any CPU
		{58CA23DF-1059-4A26-AF7A-80AB29FE8F94}.Debug|Any CPU.ActiveCfg = Debug|Any CPU
		{58CA23DF-1059-4A26-AF7A-80AB29FE8F94}.Debug|Any CPU.Build.0 = Debug|Any CPU
		{58CA23DF-1059-4A26-AF7A-80AB29FE8F94}.Release|Any CPU.ActiveCfg = Release|Any CPU
		{58CA23DF-1059-4A26-AF7A-80AB29FE8F94}.Release|Any CPU.Build.0 = Release|Any CPU
		{4614A999-3212-435C-B0D7-9E3DEEBC754E}.Debug|Any CPU.ActiveCfg = Debug|Any CPU
		{4614A999-3212-435C-B0D7-9E3DEEBC754E}.Debug|Any CPU.Build.0 = Debug|Any CPU
		{4614A999-3212-435C-B0D7-9E3DEEBC754E}.Release|Any CPU.ActiveCfg = Release|Any CPU
		{4614A999-3212-435C-B0D7-9E3DEEBC754E}.Release|Any CPU.Build.0 = Release|Any CPU
	EndGlobalSection
	GlobalSection(NestedProjects) = preSolution
		{5E5B0B2E-78E3-42B3-9C6A-0376656FF36E} = {F3462A90-A880-4ADE-9FC1-04778BB3735E}
		{9C931B10-ED27-4A17-BD6C-68A689BA38A8} = {5E5B0B2E-78E3-42B3-9C6A-0376656FF36E}
		{9EE6F17D-5F40-4A64-95A1-DD6A2C0EF739} = {F3462A90-A880-4ADE-9FC1-04778BB3735E}
		{889CD6A7-A21D-40D7-B13D-52C0550A0CD0} = {9EE6F17D-5F40-4A64-95A1-DD6A2C0EF739}
		{319F0460-0978-488D-8CBF-70A9C5973B95} = {9EE6F17D-5F40-4A64-95A1-DD6A2C0EF739}
		{D5891016-1D19-4159-87F5-45CFB09ED4DE} = {F3462A90-A880-4ADE-9FC1-04778BB3735E}
		{CA388F77-2E08-4CFA-8DF3-7CBD39C7D7A6} = {D5891016-1D19-4159-87F5-45CFB09ED4DE}
		{6C98A660-96AF-4B0D-BE2B-39B08149646E} = {CA388F77-2E08-4CFA-8DF3-7CBD39C7D7A6}
		{859D3827-983E-4E97-B557-D14CF0345E3F} = {CA388F77-2E08-4CFA-8DF3-7CBD39C7D7A6}
		{FC79470A-831F-4614-9907-4068CD87798C} = {CA388F77-2E08-4CFA-8DF3-7CBD39C7D7A6}
		{A299BECF-84F8-4180-AC6D-685D54918C12} = {CA388F77-2E08-4CFA-8DF3-7CBD39C7D7A6}
		{24E469B7-298E-4CB6-B7BA-A54622282A86} = {22385653-AD3A-4950-AABC-FD59A701CF7D}
		{FC39DCF5-05A9-49CA-BD68-7A301750D6FB} = {D5891016-1D19-4159-87F5-45CFB09ED4DE}
		{9AB01ED4-37EF-4760-8017-51497B850BC5} = {FC39DCF5-05A9-49CA-BD68-7A301750D6FB}
		{9BBD6E7C-6CD5-4FB4-B017-350083B4BD67} = {FC39DCF5-05A9-49CA-BD68-7A301750D6FB}
		{58CA23DF-1059-4A26-AF7A-80AB29FE8F94} = {FC39DCF5-05A9-49CA-BD68-7A301750D6FB}
		{4614A999-3212-435C-B0D7-9E3DEEBC754E} = {FC39DCF5-05A9-49CA-BD68-7A301750D6FB}
	EndGlobalSection
EndGlobal
