
Microsoft Visual Studio Solution File, Format Version 12.00
# Visual Studio Version 17
VisualStudioVersion = 17.0.31903.59
MinimumVisualStudioVersion = 10.0.40219.1
Project("{2150E333-8FDC-42A3-9474-1A3956D46DE8}") = "src", "src", "{F3462A90-A880-4ADE-9FC1-04778BB3735E}"
EndProject
Project("{2150E333-8FDC-42A3-9474-1A3956D46DE8}") = "Api", "Api", "{5E5B0B2E-78E3-42B3-9C6A-0376656FF36E}"
EndProject
Project("{FAE04EC0-301F-11D3-BF4B-00C04F79EFBC}") = "CodePath.Api", "src\Api\CodePath.Api\CodePath.Api.csproj", "{9C931B10-ED27-4A17-BD6C-68A689BA38A8}"
EndProject
Project("{2150E333-8FDC-42A3-9474-1A3956D46DE8}") = "Shared", "Shared", "{9EE6F17D-5F40-4A64-95A1-DD6A2C0EF739}"
EndProject
Project("{FAE04EC0-301F-11D3-BF4B-00C04F79EFBC}") = "CodePath.Shared.Kernel", "src\Shared\CodePath.Shared.Kernel\CodePath.Shared.Kernel.csproj", "{889CD6A7-A21D-40D7-B13D-52C0550A0CD0}"
EndProject
Project("{FAE04EC0-301F-11D3-BF4B-00C04F79EFBC}") = "CodePath.Shared.Web", "src\Shared\CodePath.Shared.Web\CodePath.Shared.Web.csproj", "{319F0460-0978-488D-8CBF-70A9C5973B95}"
EndProject
Project("{2150E333-8FDC-42A3-9474-1A3956D46DE8}") = "tests", "tests", "{22385653-AD3A-4950-AABC-FD59A701CF7D}"
EndProject
Project("{FAE04EC0-301F-11D3-BF4B-00C04F79EFBC}") = "CodePath.Architecture.Tests", "tests\CodePath.Architecture.Tests\CodePath.Architecture.Tests.csproj", "{24E469B7-298E-4CB6-B7BA-A54622282A86}"
EndProject
Project("{2150E333-8FDC-42A3-9474-1A3956D46DE8}") = "Tools", "Tools", "{807D6CF7-BC98-40C1-B021-6FD19DEC5359}"
EndProject
Project("{FAE04EC0-301F-11D3-BF4B-00C04F79EFBC}") = "CodePath.Migrator", "src\Tools\CodePath.Migrator\CodePath.Migrator.csproj", "{F20199F9-3583-4F4F-94DB-ABCBF5D244EE}"
EndProject
Project("{2150E333-8FDC-42A3-9474-1A3956D46DE8}") = "Domain", "Domain", "{9AB10E65-DE17-AB98-BE1F-DA580BACEFBD}"
EndProject
Project("{FAE04EC0-301F-11D3-BF4B-00C04F79EFBC}") = "CodePath.Domain", "src\Domain\CodePath.Domain\CodePath.Domain.csproj", "{6F3F110D-A22D-432D-863D-E9ED2E1205F1}"
EndProject
Project("{2150E333-8FDC-42A3-9474-1A3956D46DE8}") = "Application", "Application", "{1D4CB602-86AB-A0F2-5016-497BBAABC52F}"
EndProject
Project("{FAE04EC0-301F-11D3-BF4B-00C04F79EFBC}") = "CodePath.Application", "src\Application\CodePath.Application\CodePath.Application.csproj", "{B846B027-971A-4A14-AEBB-39ADAF96CA25}"
EndProject
Project("{2150E333-8FDC-42A3-9474-1A3956D46DE8}") = "Infrastructure", "Infrastructure", "{C891AB6D-B36E-9317-6896-907381FAD0A7}"
EndProject
Project("{FAE04EC0-301F-11D3-BF4B-00C04F79EFBC}") = "CodePath.Infrastructure", "src\Infrastructure\CodePath.Infrastructure\CodePath.Infrastructure.csproj", "{186DD582-ED8C-458C-84FC-1C63125D6760}"
EndProject
Global
	GlobalSection(SolutionConfigurationPlatforms) = preSolution
		Debug|Any CPU = Debug|Any CPU
		Debug|x64 = Debug|x64
		Debug|x86 = Debug|x86
		Release|Any CPU = Release|Any CPU
		Release|x64 = Release|x64
		Release|x86 = Release|x86
	EndGlobalSection
	GlobalSection(ProjectConfigurationPlatforms) = postSolution
		{9C931B10-ED27-4A17-BD6C-68A689BA38A8}.Debug|Any CPU.ActiveCfg = Debug|Any CPU
		{9C931B10-ED27-4A17-BD6C-68A689BA38A8}.Debug|Any CPU.Build.0 = Debug|Any CPU
		{9C931B10-ED27-4A17-BD6C-68A689BA38A8}.Debug|x64.ActiveCfg = Debug|Any CPU
		{9C931B10-ED27-4A17-BD6C-68A689BA38A8}.Debug|x64.Build.0 = Debug|Any CPU
		{9C931B10-ED27-4A17-BD6C-68A689BA38A8}.Debug|x86.ActiveCfg = Debug|Any CPU
		{9C931B10-ED27-4A17-BD6C-68A689BA38A8}.Debug|x86.Build.0 = Debug|Any CPU
		{9C931B10-ED27-4A17-BD6C-68A689BA38A8}.Release|Any CPU.ActiveCfg = Release|Any CPU
		{9C931B10-ED27-4A17-BD6C-68A689BA38A8}.Release|Any CPU.Build.0 = Release|Any CPU
		{9C931B10-ED27-4A17-BD6C-68A689BA38A8}.Release|x64.ActiveCfg = Release|Any CPU
		{9C931B10-ED27-4A17-BD6C-68A689BA38A8}.Release|x64.Build.0 = Release|Any CPU
		{9C931B10-ED27-4A17-BD6C-68A689BA38A8}.Release|x86.ActiveCfg = Release|Any CPU
		{9C931B10-ED27-4A17-BD6C-68A689BA38A8}.Release|x86.Build.0 = Release|Any CPU
		{889CD6A7-A21D-40D7-B13D-52C0550A0CD0}.Debug|Any CPU.ActiveCfg = Debug|Any CPU
		{889CD6A7-A21D-40D7-B13D-52C0550A0CD0}.Debug|Any CPU.Build.0 = Debug|Any CPU
		{889CD6A7-A21D-40D7-B13D-52C0550A0CD0}.Debug|x64.ActiveCfg = Debug|Any CPU
		{889CD6A7-A21D-40D7-B13D-52C0550A0CD0}.Debug|x64.Build.0 = Debug|Any CPU
		{889CD6A7-A21D-40D7-B13D-52C0550A0CD0}.Debug|x86.ActiveCfg = Debug|Any CPU
		{889CD6A7-A21D-40D7-B13D-52C0550A0CD0}.Debug|x86.Build.0 = Debug|Any CPU
		{889CD6A7-A21D-40D7-B13D-52C0550A0CD0}.Release|Any CPU.ActiveCfg = Release|Any CPU
		{889CD6A7-A21D-40D7-B13D-52C0550A0CD0}.Release|Any CPU.Build.0 = Release|Any CPU
		{889CD6A7-A21D-40D7-B13D-52C0550A0CD0}.Release|x64.ActiveCfg = Release|Any CPU
		{889CD6A7-A21D-40D7-B13D-52C0550A0CD0}.Release|x64.Build.0 = Release|Any CPU
		{889CD6A7-A21D-40D7-B13D-52C0550A0CD0}.Release|x86.ActiveCfg = Release|Any CPU
		{889CD6A7-A21D-40D7-B13D-52C0550A0CD0}.Release|x86.Build.0 = Release|Any CPU
		{319F0460-0978-488D-8CBF-70A9C5973B95}.Debug|Any CPU.ActiveCfg = Debug|Any CPU
		{319F0460-0978-488D-8CBF-70A9C5973B95}.Debug|Any CPU.Build.0 = Debug|Any CPU
		{319F0460-0978-488D-8CBF-70A9C5973B95}.Debug|x64.ActiveCfg = Debug|Any CPU
		{319F0460-0978-488D-8CBF-70A9C5973B95}.Debug|x64.Build.0 = Debug|Any CPU
		{319F0460-0978-488D-8CBF-70A9C5973B95}.Debug|x86.ActiveCfg = Debug|Any CPU
		{319F0460-0978-488D-8CBF-70A9C5973B95}.Debug|x86.Build.0 = Debug|Any CPU
		{319F0460-0978-488D-8CBF-70A9C5973B95}.Release|Any CPU.ActiveCfg = Release|Any CPU
		{319F0460-0978-488D-8CBF-70A9C5973B95}.Release|Any CPU.Build.0 = Release|Any CPU
		{319F0460-0978-488D-8CBF-70A9C5973B95}.Release|x64.ActiveCfg = Release|Any CPU
		{319F0460-0978-488D-8CBF-70A9C5973B95}.Release|x64.Build.0 = Release|Any CPU
		{319F0460-0978-488D-8CBF-70A9C5973B95}.Release|x86.ActiveCfg = Release|Any CPU
		{319F0460-0978-488D-8CBF-70A9C5973B95}.Release|x86.Build.0 = Release|Any CPU
		{24E469B7-298E-4CB6-B7BA-A54622282A86}.Debug|Any CPU.ActiveCfg = Debug|Any CPU
		{24E469B7-298E-4CB6-B7BA-A54622282A86}.Debug|Any CPU.Build.0 = Debug|Any CPU
		{24E469B7-298E-4CB6-B7BA-A54622282A86}.Debug|x64.ActiveCfg = Debug|Any CPU
		{24E469B7-298E-4CB6-B7BA-A54622282A86}.Debug|x64.Build.0 = Debug|Any CPU
		{24E469B7-298E-4CB6-B7BA-A54622282A86}.Debug|x86.ActiveCfg = Debug|Any CPU
		{24E469B7-298E-4CB6-B7BA-A54622282A86}.Debug|x86.Build.0 = Debug|Any CPU
		{24E469B7-298E-4CB6-B7BA-A54622282A86}.Release|Any CPU.ActiveCfg = Release|Any CPU
		{24E469B7-298E-4CB6-B7BA-A54622282A86}.Release|Any CPU.Build.0 = Release|Any CPU
		{24E469B7-298E-4CB6-B7BA-A54622282A86}.Release|x64.ActiveCfg = Release|Any CPU
		{24E469B7-298E-4CB6-B7BA-A54622282A86}.Release|x64.Build.0 = Release|Any CPU
		{24E469B7-298E-4CB6-B7BA-A54622282A86}.Release|x86.ActiveCfg = Release|Any CPU
		{24E469B7-298E-4CB6-B7BA-A54622282A86}.Release|x86.Build.0 = Release|Any CPU
		{F20199F9-3583-4F4F-94DB-ABCBF5D244EE}.Debug|Any CPU.ActiveCfg = Debug|Any CPU
		{F20199F9-3583-4F4F-94DB-ABCBF5D244EE}.Debug|Any CPU.Build.0 = Debug|Any CPU
		{F20199F9-3583-4F4F-94DB-ABCBF5D244EE}.Debug|x64.ActiveCfg = Debug|Any CPU
		{F20199F9-3583-4F4F-94DB-ABCBF5D244EE}.Debug|x64.Build.0 = Debug|Any CPU
		{F20199F9-3583-4F4F-94DB-ABCBF5D244EE}.Debug|x86.ActiveCfg = Debug|Any CPU
		{F20199F9-3583-4F4F-94DB-ABCBF5D244EE}.Debug|x86.Build.0 = Debug|Any CPU
		{F20199F9-3583-4F4F-94DB-ABCBF5D244EE}.Release|Any CPU.ActiveCfg = Release|Any CPU
		{F20199F9-3583-4F4F-94DB-ABCBF5D244EE}.Release|Any CPU.Build.0 = Release|Any CPU
		{F20199F9-3583-4F4F-94DB-ABCBF5D244EE}.Release|x64.ActiveCfg = Release|Any CPU
		{F20199F9-3583-4F4F-94DB-ABCBF5D244EE}.Release|x64.Build.0 = Release|Any CPU
		{F20199F9-3583-4F4F-94DB-ABCBF5D244EE}.Release|x86.ActiveCfg = Release|Any CPU
		{F20199F9-3583-4F4F-94DB-ABCBF5D244EE}.Release|x86.Build.0 = Release|Any CPU
		{6F3F110D-A22D-432D-863D-E9ED2E1205F1}.Debug|Any CPU.ActiveCfg = Debug|Any CPU
		{6F3F110D-A22D-432D-863D-E9ED2E1205F1}.Debug|Any CPU.Build.0 = Debug|Any CPU
		{6F3F110D-A22D-432D-863D-E9ED2E1205F1}.Debug|x64.ActiveCfg = Debug|Any CPU
		{6F3F110D-A22D-432D-863D-E9ED2E1205F1}.Debug|x64.Build.0 = Debug|Any CPU
		{6F3F110D-A22D-432D-863D-E9ED2E1205F1}.Debug|x86.ActiveCfg = Debug|Any CPU
		{6F3F110D-A22D-432D-863D-E9ED2E1205F1}.Debug|x86.Build.0 = Debug|Any CPU
		{6F3F110D-A22D-432D-863D-E9ED2E1205F1}.Release|Any CPU.ActiveCfg = Release|Any CPU
		{6F3F110D-A22D-432D-863D-E9ED2E1205F1}.Release|Any CPU.Build.0 = Release|Any CPU
		{6F3F110D-A22D-432D-863D-E9ED2E1205F1}.Release|x64.ActiveCfg = Release|Any CPU
		{6F3F110D-A22D-432D-863D-E9ED2E1205F1}.Release|x64.Build.0 = Release|Any CPU
		{6F3F110D-A22D-432D-863D-E9ED2E1205F1}.Release|x86.ActiveCfg = Release|Any CPU
		{6F3F110D-A22D-432D-863D-E9ED2E1205F1}.Release|x86.Build.0 = Release|Any CPU
		{B846B027-971A-4A14-AEBB-39ADAF96CA25}.Debug|Any CPU.ActiveCfg = Debug|Any CPU
		{B846B027-971A-4A14-AEBB-39ADAF96CA25}.Debug|Any CPU.Build.0 = Debug|Any CPU
		{B846B027-971A-4A14-AEBB-39ADAF96CA25}.Debug|x64.ActiveCfg = Debug|Any CPU
		{B846B027-971A-4A14-AEBB-39ADAF96CA25}.Debug|x64.Build.0 = Debug|Any CPU
		{B846B027-971A-4A14-AEBB-39ADAF96CA25}.Debug|x86.ActiveCfg = Debug|Any CPU
		{B846B027-971A-4A14-AEBB-39ADAF96CA25}.Debug|x86.Build.0 = Debug|Any CPU
		{B846B027-971A-4A14-AEBB-39ADAF96CA25}.Release|Any CPU.ActiveCfg = Release|Any CPU
		{B846B027-971A-4A14-AEBB-39ADAF96CA25}.Release|Any CPU.Build.0 = Release|Any CPU
		{B846B027-971A-4A14-AEBB-39ADAF96CA25}.Release|x64.ActiveCfg = Release|Any CPU
		{B846B027-971A-4A14-AEBB-39ADAF96CA25}.Release|x64.Build.0 = Release|Any CPU
		{B846B027-971A-4A14-AEBB-39ADAF96CA25}.Release|x86.ActiveCfg = Release|Any CPU
		{B846B027-971A-4A14-AEBB-39ADAF96CA25}.Release|x86.Build.0 = Release|Any CPU
		{186DD582-ED8C-458C-84FC-1C63125D6760}.Debug|Any CPU.ActiveCfg = Debug|Any CPU
		{186DD582-ED8C-458C-84FC-1C63125D6760}.Debug|Any CPU.Build.0 = Debug|Any CPU
		{186DD582-ED8C-458C-84FC-1C63125D6760}.Debug|x64.ActiveCfg = Debug|Any CPU
		{186DD582-ED8C-458C-84FC-1C63125D6760}.Debug|x64.Build.0 = Debug|Any CPU
		{186DD582-ED8C-458C-84FC-1C63125D6760}.Debug|x86.ActiveCfg = Debug|Any CPU
		{186DD582-ED8C-458C-84FC-1C63125D6760}.Debug|x86.Build.0 = Debug|Any CPU
		{186DD582-ED8C-458C-84FC-1C63125D6760}.Release|Any CPU.ActiveCfg = Release|Any CPU
		{186DD582-ED8C-458C-84FC-1C63125D6760}.Release|Any CPU.Build.0 = Release|Any CPU
		{186DD582-ED8C-458C-84FC-1C63125D6760}.Release|x64.ActiveCfg = Release|Any CPU
		{186DD582-ED8C-458C-84FC-1C63125D6760}.Release|x64.Build.0 = Release|Any CPU
		{186DD582-ED8C-458C-84FC-1C63125D6760}.Release|x86.ActiveCfg = Release|Any CPU
		{186DD582-ED8C-458C-84FC-1C63125D6760}.Release|x86.Build.0 = Release|Any CPU
	EndGlobalSection
	GlobalSection(SolutionProperties) = preSolution
		HideSolutionNode = FALSE
	EndGlobalSection
	GlobalSection(NestedProjects) = preSolution
		{5E5B0B2E-78E3-42B3-9C6A-0376656FF36E} = {F3462A90-A880-4ADE-9FC1-04778BB3735E}
		{9C931B10-ED27-4A17-BD6C-68A689BA38A8} = {5E5B0B2E-78E3-42B3-9C6A-0376656FF36E}
		{9EE6F17D-5F40-4A64-95A1-DD6A2C0EF739} = {F3462A90-A880-4ADE-9FC1-04778BB3735E}
		{889CD6A7-A21D-40D7-B13D-52C0550A0CD0} = {9EE6F17D-5F40-4A64-95A1-DD6A2C0EF739}
		{319F0460-0978-488D-8CBF-70A9C5973B95} = {9EE6F17D-5F40-4A64-95A1-DD6A2C0EF739}
		{24E469B7-298E-4CB6-B7BA-A54622282A86} = {22385653-AD3A-4950-AABC-FD59A701CF7D}
		{807D6CF7-BC98-40C1-B021-6FD19DEC5359} = {F3462A90-A880-4ADE-9FC1-04778BB3735E}
		{F20199F9-3583-4F4F-94DB-ABCBF5D244EE} = {807D6CF7-BC98-40C1-B021-6FD19DEC5359}
		{9AB10E65-DE17-AB98-BE1F-DA580BACEFBD} = {F3462A90-A880-4ADE-9FC1-04778BB3735E}
		{6F3F110D-A22D-432D-863D-E9ED2E1205F1} = {9AB10E65-DE17-AB98-BE1F-DA580BACEFBD}
		{1D4CB602-86AB-A0F2-5016-497BBAABC52F} = {F3462A90-A880-4ADE-9FC1-04778BB3735E}
		{B846B027-971A-4A14-AEBB-39ADAF96CA25} = {1D4CB602-86AB-A0F2-5016-497BBAABC52F}
		{C891AB6D-B36E-9317-6896-907381FAD0A7} = {F3462A90-A880-4ADE-9FC1-04778BB3735E}
		{186DD582-ED8C-458C-84FC-1C63125D6760} = {C891AB6D-B36E-9317-6896-907381FAD0A7}
	EndGlobalSection
EndGlobal
